// !$*UTF8*$!
{
	archiveVersion = 1;
	classes = {
	};
	objectVersion = 56;
	objects = {

/* Begin PBXBuildFile section */
		C52E27402989E78700790362 /* AppDelegate.swift in Sources */ = {isa = PBXBuildFile; fileRef = C52E273F2989E78700790362 /* AppDelegate.swift */; };
		C52E27422989E78700790362 /* SceneDelegate.swift in Sources */ = {isa = PBXBuildFile; fileRef = C52E27412989E78700790362 /* SceneDelegate.swift */; };
		C52E27442989E78700790362 /* QuoteViewController.swift in Sources */ = {isa = PBXBuildFile; fileRef = C52E27432989E78700790362 /* QuoteViewController.swift */; };
		C52E27472989E78700790362 /* Main.storyboard in Resources */ = {isa = PBXBuildFile; fileRef = C52E27452989E78700790362 /* Main.storyboard */; };
		C52E27492989E78800790362 /* Assets.xcassets in Resources */ = {isa = PBXBuildFile; fileRef = C52E27482989E78800790362 /* Assets.xcassets */; };
		C52E274C2989E78800790362 /* LaunchScreen.storyboard in Resources */ = {isa = PBXBuildFile; fileRef = C52E274A2989E78800790362 /* LaunchScreen.storyboard */; };
		C52E275A298A213400790362 /* combine_mvvmTests.swift in Sources */ = {isa = PBXBuildFile; fileRef = C52E2759298A213400790362 /* combine_mvvmTests.swift */; };
/* End PBXBuildFile section */

/* Begin PBXContainerItemProxy section */
		C52E275B298A213400790362 /* PBXContainerItemProxy */ = {
			isa = PBXContainerItemProxy;
			containerPortal = C52E27342989E78700790362 /* Project object */;
			proxyType = 1;
			remoteGlobalIDString = C52E273B2989E78700790362;
			remoteInfo = "combine-mvvm";
		};
/* End PBXContainerItemProxy section */

/* Begin PBXFileReference section */
		C52E273C2989E78700790362 /* combine-mvvm.app */ = {isa = PBXFileReference; explicitFileType = wrapper.application; includeInIndex = 0; path = "combine-mvvm.app"; sourceTree = BUILT_PRODUCTS_DIR; };
		C52E273F2989E78700790362 /* AppDelegate.swift */ = {isa = PBXFileReference; lastKnownFileType = sourcecode.swift; path = AppDelegate.swift; sourceTree = "<group>"; };
		C52E27412989E78700790362 /* SceneDelegate.swift */ = {isa = PBXFileReference; lastKnownFileType = sourcecode.swift; path = SceneDelegate.swift; sourceTree = "<group>"; };
		C52E27432989E78700790362 /* QuoteViewController.swift */ = {isa = PBXFileReference; lastKnownFileType = sourcecode.swift; path = QuoteViewController.swift; sourceTree = "<group>"; };
		C52E27462989E78700790362 /* Base */ = {isa = PBXFileReference; lastKnownFileType = file.storyboard; name = Base; path = Base.lproj/Main.storyboard; sourceTree = "<group>"; };
		C52E27482989E78800790362 /* Assets.xcassets */ = {isa = PBXFileReference; lastKnownFileType = folder.assetcatalog; path = Assets.xcassets; sourceTree = "<group>"; };
		C52E274B2989E78800790362 /* Base */ = {isa = PBXFileReference; lastKnownFileType = file.storyboard; name = Base; path = Base.lproj/LaunchScreen.storyboard; sourceTree = "<group>"; };
		C52E274D2989E78800790362 /* Info.plist */ = {isa = PBXFileReference; lastKnownFileType = text.plist.xml; path = Info.plist; sourceTree = "<group>"; };
		C52E2757298A213400790362 /* combine-mvvmTests.xctest */ = {isa = PBXFileReference; explicitFileType = wrapper.cfbundle; includeInIndex = 0; path = "combine-mvvmTests.xctest"; sourceTree = BUILT_PRODUCTS_DIR; };
		C52E2759298A213400790362 /* combine_mvvmTests.swift */ = {isa = PBXFileReference; lastKnownFileType = sourcecode.swift; path = combine_mvvmTests.swift; sourceTree = "<group>"; };
/* End PBXFileReference section */

/* Begin PBXFrameworksBuildPhase section */
		C52E27392989E78700790362 /* Frameworks */ = {
			isa = PBXFrameworksBuildPhase;
			buildActionMask = 2147483647;
			files = (
			);
			runOnlyForDeploymentPostprocessing = 0;
		};
		C52E2754298A213300790362 /* Frameworks */ = {
			isa = PBXFrameworksBuildPhase;
			buildActionMask = 2147483647;
			files = (
			);
			runOnlyForDeploymentPostprocessing = 0;
		};
/* End PBXFrameworksBuildPhase section */

/* Begin PBXGroup section */
		C52E27332989E78700790362 = {
			isa = PBXGroup;
			children = (
				C52E273E2989E78700790362 /* combine-mvvm */,
				C52E2758298A213400790362 /* combine-mvvmTests */,
				C52E273D2989E78700790362 /* Products */,
			);
			sourceTree = "<group>";
		};
		C52E273D2989E78700790362 /* Products */ = {
			isa = PBXGroup;
			children = (
				C52E273C2989E78700790362 /* combine-mvvm.app */,
				C52E2757298A213400790362 /* combine-mvvmTests.xctest */,
			);
			name = Products;
			sourceTree = "<group>";
		};
		C52E273E2989E78700790362 /* combine-mvvm */ = {
			isa = PBXGroup;
			children = (
				C52E273F2989E78700790362 /* AppDelegate.swift */,
				C52E27412989E78700790362 /* SceneDelegate.swift */,
				C52E27432989E78700790362 /* QuoteViewController.swift */,
				C52E27452989E78700790362 /* Main.storyboard */,
				C52E27482989E78800790362 /* Assets.xcassets */,
				C52E274A2989E78800790362 /* LaunchScreen.storyboard */,
				C52E274D2989E78800790362 /* Info.plist */,
			);
			path = "combine-mvvm";
			sourceTree = "<group>";
		};
		C52E2758298A213400790362 /* combine-mvvmTests */ = {
			isa = PBXGroup;
			children = (
				C52E2759298A213400790362 /* combine_mvvmTests.swift */,
			);
			path = "combine-mvvmTests";
			sourceTree = "<group>";
		};
/* End PBXGroup section */

/* Begin PBXNativeTarget section */
		C52E273B2989E78700790362 /* combine-mvvm */ = {
			isa = PBXNativeTarget;
			buildConfigurationList = C52E27502989E78800790362 /* Build configuration list for PBXNativeTarget "combine-mvvm" */;
			buildPhases = (
				C52E27382989E78700790362 /* Sources */,
				C52E27392989E78700790362 /* Frameworks */,
				C52E273A2989E78700790362 /* Resources */,
			);
			buildRules = (
			);
			dependencies = (
			);
			name = "combine-mvvm";
			productName = "combine-mvvm";
			productReference = C52E273C2989E78700790362 /* combine-mvvm.app */;
			productType = "com.apple.product-type.application";
		};
		C52E2756298A213300790362 /* combine-mvvmTests */ = {
			isa = PBXNativeTarget;
			buildConfigurationList = C52E275D298A213400790362 /* Build configuration list for PBXNativeTarget "combine-mvvmTests" */;
			buildPhases = (
				C52E2753298A213300790362 /* Sources */,
				C52E2754298A213300790362 /* Frameworks */,
				C52E2755298A213300790362 /* Resources */,
			);
			buildRules = (
			);
			dependencies = (
				C52E275C298A213400790362 /* PBXTargetDependency */,
			);
			name = "combine-mvvmTests";
			productName = "combine-mvvmTests";
			productReference = C52E2757298A213400790362 /* combine-mvvmTests.xctest */;
			productType = "com.apple.product-type.bundle.unit-test";
		};
/* End PBXNativeTarget section */

/* Begin PBXProject section */
		C52E27342989E78700790362 /* Project object */ = {
			isa = PBXProject;
			attributes = {
				BuildIndependentTargetsInParallel = 1;
				LastSwiftUpdateCheck = 1420;
				LastUpgradeCheck = 1420;
				TargetAttributes = {
					C52E273B2989E78700790362 = {
						CreatedOnToolsVersion = 14.2;
					};
					C52E2756298A213300790362 = {
						CreatedOnToolsVersion = 14.2;
						TestTargetID = C52E273B2989E78700790362;
					};
				};
			};
			buildConfigurationList = C52E27372989E78700790362 /* Build configuration list for PBXProject "combine-mvvm" */;
			compatibilityVersion = "Xcode 14.0";
			developmentRegion = en;
			hasScannedForEncodings = 0;
			knownRegions = (
				en,
				Base,
			);
			mainGroup = C52E27332989E78700790362;
			productRefGroup = C52E273D2989E78700790362 /* Products */;
			projectDirPath = "";
			projectRoot = "";
			targets = (
				C52E273B2989E78700790362 /* combine-mvvm */,
				C52E2756298A213300790362 /* combine-mvvmTests */,
			);
		};
/* End PBXProject section */

/* Begin PBXResourcesBuildPhase section */
		C52E273A2989E78700790362 /* Resources */ = {
			isa = PBXResourcesBuildPhase;
			buildActionMask = 2147483647;
			files = (
				C52E274C2989E78800790362 /* LaunchScreen.storyboard in Resources */,
				C52E27492989E78800790362 /* Assets.xcassets in Resources */,
				C52E27472989E78700790362 /* Main.storyboard in Resources */,
			);
			runOnlyForDeploymentPostprocessing = 0;
		};
		C52E2755298A213300790362 /* Resources */ = {
			isa = PBXResourcesBuildPhase;
			buildActionMask = 2147483647;
			files = (
			);
			runOnlyForDeploymentPostprocessing = 0;
		};
/* End PBXResourcesBuildPhase section */

/* Begin PBXSourcesBuildPhase section */
		C52E27382989E78700790362 /* Sources */ = {
			isa = PBXSourcesBuildPhase;
			buildActionMask = 2147483647;
			files = (
				C52E27442989E78700790362 /* QuoteViewController.swift in Sources */,
				C52E27402989E78700790362 /* AppDelegate.swift in Sources */,
				C52E27422989E78700790362 /* SceneDelegate.swift in Sources */,
			);
			runOnlyForDeploymentPostprocessing = 0;
		};
		C52E2753298A213300790362 /* Sources */ = {
			isa = PBXSourcesBuildPhase;
			buildActionMask = 2147483647;
			files = (
				C52E275A298A213400790362 /* combine_mvvmTests.swift in Sources */,
			);
			runOnlyForDeploymentPostprocessing = 0;
		};
/* End PBXSourcesBuildPhase section */

/* Begin PBXTargetDependency section */
		C52E275C298A213400790362 /* PBXTargetDependency */ = {
			isa = PBXTargetDependency;
			target = C52E273B2989E78700790362 /* combine-mvvm */;
			targetProxy = C52E275B298A213400790362 /* PBXContainerItemProxy */;
		};
/* End PBXTargetDependency section */

/* Begin PBXVariantGroup section */
		C52E27452989E78700790362 /* Main.storyboard */ = {
			isa = PBXVariantGroup;
			children = (
				C52E27462989E78700790362 /* Base */,
			);
			name = Main.storyboard;
			sourceTree = "<group>";
		};
		C52E274A2989E78800790362 /* LaunchScreen.storyboard */ = {
			isa = PBXVariantGroup;
			children = (
				C52E274B2989E78800790362 /* Base */,
			);
			name = LaunchScreen.storyboard;
			sourceTree = "<group>";
		};
/* End PBXVariantGroup section */

/* Begin XCBuildConfiguration section */
		C52E274E2989E78800790362 /* Debug */ = {
			isa = XCBuildConfiguration;
			buildSettings = {
				ALWAYS_SEARCH_USER_PATHS = NO;
				CLANG_ANALYZER_NONNULL = YES;
				CLANG_ANALYZER_NUMBER_OBJECT_CONVERSION = YES_AGGRESSIVE;
				CLANG_CXX_LANGUAGE_STANDARD = "gnu++20";
				CLANG_ENABLE_MODULES = YES;
				CLANG_ENABLE_OBJC_ARC = YES;
				CLANG_ENABLE_OBJC_WEAK = YES;
				CLANG_WARN_BLOCK_CAPTURE_AUTORELEASING = YES;
				CLANG_WARN_BOOL_CONVERSION = YES;
				CLANG_WARN_COMMA = YES;
				CLANG_WARN_CONSTANT_CONVERSION = YES;
				CLANG_WARN_DEPRECATED_OBJC_IMPLEMENTATIONS = YES;
				CLANG_WARN_DIRECT_OBJC_ISA_USAGE = YES_ERROR;
				CLANG_WARN_DOCUMENTATION_COMMENTS = YES;
				CLANG_WARN_EMPTY_BODY = YES;
				CLANG_WARN_ENUM_CONVERSION = YES;
				CLANG_WARN_INFINITE_RECURSION = YES;
				CLANG_WARN_INT_CONVERSION = YES;
				CLANG_WARN_NON_LITERAL_NULL_CONVERSION = YES;
				CLANG_WARN_OBJC_IMPLICIT_RETAIN_SELF = YES;
				CLANG_WARN_OBJC_LITERAL_CONVERSION = YES;
				CLANG_WARN_OBJC_ROOT_CLASS = YES_ERROR;
				CLANG_WARN_QUOTED_INCLUDE_IN_FRAMEWORK_HEADER = YES;
				CLANG_WARN_RANGE_LOOP_ANALYSIS = YES;
				CLANG_WARN_STRICT_PROTOTYPES = YES;
				CLANG_WARN_SUSPICIOUS_MOVE = YES;
				CLANG_WARN_UNGUARDED_AVAILABILITY = YES_AGGRESSIVE;
				CLANG_WARN_UNREACHABLE_CODE = YES;
				CLANG_WARN__DUPLICATE_METHOD_MATCH = YES;
				COPY_PHASE_STRIP = NO;
				DEBUG_INFORMATION_FORMAT = dwarf;
				ENABLE_STRICT_OBJC_MSGSEND = YES;
				ENABLE_TESTABILITY = YES;
				GCC_C_LANGUAGE_STANDARD = gnu11;
				GCC_DYNAMIC_NO_PIC = NO;
				GCC_NO_COMMON_BLOCKS = YES;
				GCC_OPTIMIZATION_LEVEL = 0;
				GCC_PREPROCESSOR_DEFINITIONS = (
					"DEBUG=1",
					"$(inherited)",
				);
				GCC_WARN_64_TO_32_BIT_CONVERSION = YES;
				GCC_WARN_ABOUT_RETURN_TYPE = YES_ERROR;
				GCC_WARN_UNDECLARED_SELECTOR = YES;
				GCC_WARN_UNINITIALIZED_AUTOS = YES_AGGRESSIVE;
				GCC_WARN_UNUSED_FUNCTION = YES;
				GCC_WARN_UNUSED_VARIABLE = YES;
				IPHONEOS_DEPLOYMENT_TARGET = 16.2;
				MTL_ENABLE_DEBUG_INFO = INCLUDE_SOURCE;
				MTL_FAST_MATH = YES;
				ONLY_ACTIVE_ARCH = YES;
				SDKROOT = iphoneos;
				SWIFT_ACTIVE_COMPILATION_CONDITIONS = DEBUG;
				SWIFT_OPTIMIZATION_LEVEL = "-Onone";
			};
			name = Debug;
		};
		C52E274F2989E78800790362 /* Release */ = {
			isa = XCBuildConfiguration;
			buildSettings = {
				ALWAYS_SEARCH_USER_PATHS = NO;
				CLANG_ANALYZER_NONNULL = YES;
				CLANG_ANALYZER_NUMBER_OBJECT_CONVERSION = YES_AGGRESSIVE;
				CLANG_CXX_LANGUAGE_STANDARD = "gnu++20";
				CLANG_ENABLE_MODULES = YES;
				CLANG_ENABLE_OBJC_ARC = YES;
				CLANG_ENABLE_OBJC_WEAK = YES;
				CLANG_WARN_BLOCK_CAPTURE_AUTORELEASING = YES;
				CLANG_WARN_BOOL_CONVERSION = YES;
				CLANG_WARN_COMMA = YES;
				CLANG_WARN_CONSTANT_CONVERSION = YES;
				CLANG_WARN_DEPRECATED_OBJC_IMPLEMENTATIONS = YES;
				CLANG_WARN_DIRECT_OBJC_ISA_USAGE = YES_ERROR;
				CLANG_WARN_DOCUMENTATION_COMMENTS = YES;
				CLANG_WARN_EMPTY_BODY = YES;
				CLANG_WARN_ENUM_CONVERSION = YES;
				CLANG_WARN_INFINITE_RECURSION = YES;
				CLANG_WARN_INT_CONVERSION = YES;
				CLANG_WARN_NON_LITERAL_NULL_CONVERSION = YES;
				CLANG_WARN_OBJC_IMPLICIT_RETAIN_SELF = YES;
				CLANG_WARN_OBJC_LITERAL_CONVERSION = YES;
				CLANG_WARN_OBJC_ROOT_CLASS = YES_ERROR;
				CLANG_WARN_QUOTED_INCLUDE_IN_FRAMEWORK_HEADER = YES;
				CLANG_WARN_RANGE_LOOP_ANALYSIS = YES;
				CLANG_WARN_STRICT_PROTOTYPES = YES;
				CLANG_WARN_SUSPICIOUS_MOVE = YES;
				CLANG_WARN_UNGUARDED_AVAILABILITY = YES_AGGRESSIVE;
				CLANG_WARN_UNREACHABLE_CODE = YES;
				CLANG_WARN__DUPLICATE_METHOD_MATCH = YES;
				COPY_PHASE_STRIP = NO;
				DEBUG_INFORMATION_FORMAT = "dwarf-with-dsym";
				ENABLE_NS_ASSERTIONS = NO;
				ENABLE_STRICT_OBJC_MSGSEND = YES;
				GCC_C_LANGUAGE_STANDARD = gnu11;
				GCC_NO_COMMON_BLOCKS = YES;
				GCC_WARN_64_TO_32_BIT_CONVERSION = YES;
				GCC_WARN_ABOUT_RETURN_TYPE = YES_ERROR;
				GCC_WARN_UNDECLARED_SELECTOR = YES;
				GCC_WARN_UNINITIALIZED_AUTOS = YES_AGGRESSIVE;
				GCC_WARN_UNUSED_FUNCTION = YES;
				GCC_WARN_UNUSED_VARIABLE = YES;
				IPHONEOS_DEPLOYMENT_TARGET = 16.2;
				MTL_ENABLE_DEBUG_INFO = NO;
				MTL_FAST_MATH = YES;
				SDKROOT = iphoneos;
				SWIFT_COMPILATION_MODE = wholemodule;
				SWIFT_OPTIMIZATION_LEVEL = "-O";
				VALIDATE_PRODUCT = YES;
			};
			name = Release;
		};
		C52E27512989E78800790362 /* Debug */ = {
			isa = XCBuildConfiguration;
			buildSettings = {
				ASSETCATALOG_COMPILER_APPICON_NAME = AppIcon;
				ASSETCATALOG_COMPILER_GLOBAL_ACCENT_COLOR_NAME = AccentColor;
				CODE_SIGN_STYLE = Automatic;
				CURRENT_PROJECT_VERSION = 1;
				DEVELOPMENT_TEAM = 5CDGW4297F;
				GENERATE_INFOPLIST_FILE = YES;
				INFOPLIST_FILE = "combine-mvvm/Info.plist";
				INFOPLIST_KEY_UIApplicationSupportsIndirectInputEvents = YES;
				INFOPLIST_KEY_UILaunchStoryboardName = LaunchScreen;
				INFOPLIST_KEY_UIMainStoryboardFile = Main;
				INFOPLIST_KEY_UISupportedInterfaceOrientations_iPad = "UIInterfaceOrientationPortrait UIInterfaceOrientationPortraitUpsideDown UIInterfaceOrientationLandscapeLeft UIInterfaceOrientationLandscapeRight";
				INFOPLIST_KEY_UISupportedInterfaceOrientations_iPhone = "UIInterfaceOrientationPortrait UIInterfaceOrientationLandscapeLeft UIInterfaceOrientationLandscapeRight";
				LD_RUNPATH_SEARCH_PATHS = (
					"$(inherited)",
					"@executable_path/Frameworks",
				);
				MARKETING_VERSION = 1.0;
				PRODUCT_BUNDLE_IDENTIFIER = "com.matthewdolan.combine-mvvm";
				PRODUCT_NAME = "$(TARGET_NAME)";
				SWIFT_EMIT_LOC_STRINGS = YES;
				SWIFT_VERSION = 5.0;
				TARGETED_DEVICE_FAMILY = "1,2";
			};
			name = Debug;
		};
		C52E27522989E78800790362 /* Release */ = {
			isa = XCBuildConfiguration;
			buildSettings = {
				ASSETCATALOG_COMPILER_APPICON_NAME = AppIcon;
				ASSETCATALOG_COMPILER_GLOBAL_ACCENT_COLOR_NAME = AccentColor;
				CODE_SIGN_STYLE = Automatic;
				CURRENT_PROJECT_VERSION = 1;
				DEVELOPMENT_TEAM = 5CDGW4297F;
				GENERATE_INFOPLIST_FILE = YES;
				INFOPLIST_FILE = "combine-mvvm/Info.plist";
				INFOPLIST_KEY_UIApplicationSupportsIndirectInputEvents = YES;
				INFOPLIST_KEY_UILaunchStoryboardName = LaunchScreen;
				INFOPLIST_KEY_UIMainStoryboardFile = Main;
				INFOPLIST_KEY_UISupportedInterfaceOrientations_iPad = "UIInterfaceOrientationPortrait UIInterfaceOrientationPortraitUpsideDown UIInterfaceOrientationLandscapeLeft UIInterfaceOrientationLandscapeRight";
				INFOPLIST_KEY_UISupportedInterfaceOrientations_iPhone = "UIInterfaceOrientationPortrait UIInterfaceOrientationLandscapeLeft UIInterfaceOrientationLandscapeRight";
				LD_RUNPATH_SEARCH_PATHS = (
					"$(inherited)",
					"@executable_path/Frameworks",
				);
				MARKETING_VERSION = 1.0;
				PRODUCT_BUNDLE_IDENTIFIER = "com.matthewdolan.combine-mvvm";
				PRODUCT_NAME = "$(TARGET_NAME)";
				SWIFT_EMIT_LOC_STRINGS = YES;
				SWIFT_VERSION = 5.0;
				TARGETED_DEVICE_FAMILY = "1,2";
			};
			name = Release;
		};
		C52E275E298A213400790362 /* Debug */ = {
			isa = XCBuildConfiguration;
			buildSettings = {
				BUNDLE_LOADER = "$(TEST_HOST)";
				CODE_SIGN_STYLE = Automatic;
				CURRENT_PROJECT_VERSION = 1;
				DEVELOPMENT_TEAM = 5CDGW4297F;
				GENERATE_INFOPLIST_FILE = YES;
				MARKETING_VERSION = 1.0;
				PRODUCT_BUNDLE_IDENTIFIER = "com.matthewdolan.combine-mvvmTests";
				PRODUCT_NAME = "$(TARGET_NAME)";
				SWIFT_EMIT_LOC_STRINGS = NO;
				SWIFT_VERSION = 5.0;
				TARGETED_DEVICE_FAMILY = "1,2";
				TEST_HOST = "$(BUILT_PRODUCTS_DIR)/combine-mvvm.app/$(BUNDLE_EXECUTABLE_FOLDER_PATH)/combine-mvvm";
			};
			name = Debug;
		};
		C52E275F298A213400790362 /* Release */ = {
			isa = XCBuildConfiguration;
			buildSettings = {
				BUNDLE_LOADER = "$(TEST_HOST)";
				CODE_SIGN_STYLE = Automatic;
				CURRENT_PROJECT_VERSION = 1;
				DEVELOPMENT_TEAM = 5CDGW4297F;
				GENERATE_INFOPLIST_FILE = YES;
				MARKETING_VERSION = 1.0;
				PRODUCT_BUNDLE_IDENTIFIER = "com.matthewdolan.combine-mvvmTests";
				PRODUCT_NAME = "$(TARGET_NAME)";
				SWIFT_EMIT_LOC_STRINGS = NO;
				SWIFT_VERSION = 5.0;
				TARGETED_DEVICE_FAMILY = "1,2";
				TEST_HOST = "$(BUILT_PRODUCTS_DIR)/combine-mvvm.app/$(BUNDLE_EXECUTABLE_FOLDER_PATH)/combine-mvvm";
			};
			name = Release;
		};
/* End XCBuildConfiguration section */

/* Begin XCConfigurationList section */
		C52E27372989E78700790362 /* Build configuration list for PBXProject "combine-mvvm" */ = {
			isa = XCConfigurationList;
			buildConfigurations = (
				C52E274E2989E78800790362 /* Debug */,
				C52E274F2989E78800790362 /* Release */,
			);
			defaultConfigurationIsVisible = 0;
			defaultConfigurationName = Release;
		};
		C52E27502989E78800790362 /* Build configuration list for PBXNativeTarget "combine-mvvm" */ = {
			isa = XCConfigurationList;
			buildConfigurations = (
				C52E27512989E78800790362 /* Debug */,
				C52E27522989E78800790362 /* Release */,
			);
			defaultConfigurationIsVisible = 0;
			defaultConfigurationName = Release;
		};
		C52E275D298A213400790362 /* Build configuration list for PBXNativeTarget "combine-mvvmTests" */ = {
			isa = XCConfigurationList;
			buildConfigurations = (
				C52E275E298A213400790362 /* Debug */,
				C52E275F298A213400790362 /* Release */,
			);
			defaultConfigurationIsVisible = 0;
			defaultConfigurationName = Release;
		};
/* End XCConfigurationList section */
	};
	rootObject = C52E27342989E78700790362 /* Project object */;
}
